// !$*UTF8*$!
{
	archiveVersion = 1;
	classes = {
	};
	objectVersion = 56;
	objects = {

/* Begin PBXBuildFile section */
		E024A18D29E7188800D09F3D /* Attributes+Enum.swift in Sources */ = {isa = PBXBuildFile; fileRef = E024A18C29E7188800D09F3D /* Attributes+Enum.swift */; };
		E054A2D029E67DB9006D65C3 /* AppDelegate.swift in Sources */ = {isa = PBXBuildFile; fileRef = E054A2CF29E67DB9006D65C3 /* AppDelegate.swift */; };
		E054A2D229E67DB9006D65C3 /* SceneDelegate.swift in Sources */ = {isa = PBXBuildFile; fileRef = E054A2D129E67DB9006D65C3 /* SceneDelegate.swift */; };
		E054A2D429E67DB9006D65C3 /* ViewController.swift in Sources */ = {isa = PBXBuildFile; fileRef = E054A2D329E67DB9006D65C3 /* ViewController.swift */; };
		E054A2D929E67DBB006D65C3 /* Assets.xcassets in Resources */ = {isa = PBXBuildFile; fileRef = E054A2D829E67DBB006D65C3 /* Assets.xcassets */; };
		E054A2DC29E67DBB006D65C3 /* LaunchScreen.storyboard in Resources */ = {isa = PBXBuildFile; fileRef = E054A2DA29E67DBB006D65C3 /* LaunchScreen.storyboard */; };
		E054A30529E67F2A006D65C3 /* BuildConfiguration.swift in Sources */ = {isa = PBXBuildFile; fileRef = E054A30429E67F2A006D65C3 /* BuildConfiguration.swift */; };
		E054A30829E68339006D65C3 /* API+Enum.swift in Sources */ = {isa = PBXBuildFile; fileRef = E054A30729E68339006D65C3 /* API+Enum.swift */; };
		E054A30A29E684C6006D65C3 /* Secret+Enum.swift in Sources */ = {isa = PBXBuildFile; fileRef = E054A30929E684C6006D65C3 /* Secret+Enum.swift */; };
		E054A30C29E68654006D65C3 /* APIService.swift in Sources */ = {isa = PBXBuildFile; fileRef = E054A30B29E68654006D65C3 /* APIService.swift */; };
		E054A30E29E6874A006D65C3 /* MealsAPIService.swift in Sources */ = {isa = PBXBuildFile; fileRef = E054A30D29E6874A006D65C3 /* MealsAPIService.swift */; };
		E054A31029E687D4006D65C3 /* MealCategory+Enum.swift in Sources */ = {isa = PBXBuildFile; fileRef = E054A30F29E687D4006D65C3 /* MealCategory+Enum.swift */; };
		E054A31729E68A77006D65C3 /* Meal+Struct.swift in Sources */ = {isa = PBXBuildFile; fileRef = E054A31629E68A77006D65C3 /* Meal+Struct.swift */; };
		E054A31929E68C02006D65C3 /* MealResponse.swift in Sources */ = {isa = PBXBuildFile; fileRef = E054A31829E68C02006D65C3 /* MealResponse.swift */; };
		E054A31B29E7041E006D65C3 /* MainController.swift in Sources */ = {isa = PBXBuildFile; fileRef = E054A31A29E7041E006D65C3 /* MainController.swift */; };
		E054A31D29E7045B006D65C3 /* Color+Enum.swift in Sources */ = {isa = PBXBuildFile; fileRef = E054A31C29E7045B006D65C3 /* Color+Enum.swift */; };
		E054A32029E7046E006D65C3 /* UIView+Ext.swift in Sources */ = {isa = PBXBuildFile; fileRef = E054A31F29E7046E006D65C3 /* UIView+Ext.swift */; };
		E054A32229E70475006D65C3 /* UIColor+Ext.swift in Sources */ = {isa = PBXBuildFile; fileRef = E054A32129E70475006D65C3 /* UIColor+Ext.swift */; };
		E054A32429E70613006D65C3 /* MealsController+CV.swift in Sources */ = {isa = PBXBuildFile; fileRef = E054A32329E70613006D65C3 /* MealsController+CV.swift */; };
		E054A32829E70634006D65C3 /* MealCell.swift in Sources */ = {isa = PBXBuildFile; fileRef = E054A32729E70634006D65C3 /* MealCell.swift */; };
		E054A32D29E70738006D65C3 /* ReuseId+Enum.swift in Sources */ = {isa = PBXBuildFile; fileRef = E054A32C29E70738006D65C3 /* ReuseId+Enum.swift */; };
		E054A32F29E70878006D65C3 /* MealsViewModel.swift in Sources */ = {isa = PBXBuildFile; fileRef = E054A32E29E70878006D65C3 /* MealsViewModel.swift */; };
		E05EDBE929ED4DBC00D9BF85 /* MealDetailsControllerTests.swift in Sources */ = {isa = PBXBuildFile; fileRef = E05EDBE829ED4DBC00D9BF85 /* MealDetailsControllerTests.swift */; };
		E06C50B429ED5314008BC3AE /* test_img.png in Resources */ = {isa = PBXBuildFile; fileRef = E06C50B329ED5314008BC3AE /* test_img.png */; };
		E0A82AB929E7670F00C986E6 /* MealDetailsController+CV.swift in Sources */ = {isa = PBXBuildFile; fileRef = E0A82AB829E7670F00C986E6 /* MealDetailsController+CV.swift */; };
		E0A82ABB29E767D300C986E6 /* MealDetailsOverviewCell.swift in Sources */ = {isa = PBXBuildFile; fileRef = E0A82ABA29E767D300C986E6 /* MealDetailsOverviewCell.swift */; };
		E0A82ABD29E767E100C986E6 /* MealDetailsInstructionCell.swift in Sources */ = {isa = PBXBuildFile; fileRef = E0A82ABC29E767E100C986E6 /* MealDetailsInstructionCell.swift */; };
		E0A82ABF29E767F900C986E6 /* MealDetailsIngredientMeasurementCell.swift in Sources */ = {isa = PBXBuildFile; fileRef = E0A82ABE29E767F900C986E6 /* MealDetailsIngredientMeasurementCell.swift */; };
		E0A82AC129E76A3600C986E6 /* MealDetailsViewModel.swift in Sources */ = {isa = PBXBuildFile; fileRef = E0A82AC029E76A3600C986E6 /* MealDetailsViewModel.swift */; };
		E0A82AC329E76F3200C986E6 /* MealDetailsHeaderCell.swift in Sources */ = {isa = PBXBuildFile; fileRef = E0A82AC229E76F3200C986E6 /* MealDetailsHeaderCell.swift */; };
		E0A82AC629E77C5700C986E6 /* FetchLabel.swift in Sources */ = {isa = PBXBuildFile; fileRef = E0A82AC529E77C5700C986E6 /* FetchLabel.swift */; };
		E0A82AC929E875AE00C986E6 /* CacheManager.swift in Sources */ = {isa = PBXBuildFile; fileRef = E0A82AC829E875AE00C986E6 /* CacheManager.swift */; };
		E0A82ACE29E9B50600C986E6 /* MealsViewModelTests.swift in Sources */ = {isa = PBXBuildFile; fileRef = E0A82ACD29E9B50600C986E6 /* MealsViewModelTests.swift */; };
		E0A82AD129E9B5C600C986E6 /* MealsAPIServiceMock.swift in Sources */ = {isa = PBXBuildFile; fileRef = E0A82AD029E9B5C600C986E6 /* MealsAPIServiceMock.swift */; };
		E0A82ADC29E9CF9000C986E6 /* MealsAPIProtocol.swift in Sources */ = {isa = PBXBuildFile; fileRef = E0A82ADB29E9CF9000C986E6 /* MealsAPIProtocol.swift */; };
		E0A82AE029E9E4CB00C986E6 /* MealDetailsViewModelTests.swift in Sources */ = {isa = PBXBuildFile; fileRef = E0A82ADF29E9E4CB00C986E6 /* MealDetailsViewModelTests.swift */; };
		E0A82AEA29EBD62500C986E6 /* MainControllerTests.swift in Sources */ = {isa = PBXBuildFile; fileRef = E0A82AE929EBD62500C986E6 /* MainControllerTests.swift */; };
		E0A82AEC29ED1E1500C986E6 /* Padding+Enum.swift in Sources */ = {isa = PBXBuildFile; fileRef = E0A82AEB29ED1E1500C986E6 /* Padding+Enum.swift */; };
		E0A82AFA29ED353B00C986E6 /* EnumTests.swift in Sources */ = {isa = PBXBuildFile; fileRef = E0A82AF929ED353B00C986E6 /* EnumTests.swift */; };
		E0A82AFD29ED39B000C986E6 /* EndpointTests.swift in Sources */ = {isa = PBXBuildFile; fileRef = E0A82AFC29ED39B000C986E6 /* EndpointTests.swift */; };
		E0A82B0129ED433D00C986E6 /* MealDetailsResponse.json in Resources */ = {isa = PBXBuildFile; fileRef = E0A82B0029ED433D00C986E6 /* MealDetailsResponse.json */; };
		E0A82B0329ED439700C986E6 /* MealResponseTests.swift in Sources */ = {isa = PBXBuildFile; fileRef = E0A82B0229ED439700C986E6 /* MealResponseTests.swift */; };
		E0F4D37E29ED48C1006A6AC8 /* MealsControllerTests.swift in Sources */ = {isa = PBXBuildFile; fileRef = E0F4D37D29ED48C1006A6AC8 /* MealsControllerTests.swift */; };
/* End PBXBuildFile section */

/* Begin PBXContainerItemProxy section */
		E054A2E329E67DBB006D65C3 /* PBXContainerItemProxy */ = {
			isa = PBXContainerItemProxy;
			containerPortal = E054A2C429E67DB9006D65C3 /* Project object */;
			proxyType = 1;
			remoteGlobalIDString = E054A2CB29E67DB9006D65C3;
			remoteInfo = fetch;
		};
/* End PBXContainerItemProxy section */

/* Begin PBXFileReference section */
		E024A18C29E7188800D09F3D /* Attributes+Enum.swift */ = {isa = PBXFileReference; lastKnownFileType = sourcecode.swift; path = "Attributes+Enum.swift"; sourceTree = "<group>"; };
		E054A2CC29E67DB9006D65C3 /* fetch.app */ = {isa = PBXFileReference; explicitFileType = wrapper.application; includeInIndex = 0; path = fetch.app; sourceTree = BUILT_PRODUCTS_DIR; };
		E054A2CF29E67DB9006D65C3 /* AppDelegate.swift */ = {isa = PBXFileReference; lastKnownFileType = sourcecode.swift; path = AppDelegate.swift; sourceTree = "<group>"; };
		E054A2D129E67DB9006D65C3 /* SceneDelegate.swift */ = {isa = PBXFileReference; lastKnownFileType = sourcecode.swift; path = SceneDelegate.swift; sourceTree = "<group>"; };
		E054A2D329E67DB9006D65C3 /* ViewController.swift */ = {isa = PBXFileReference; lastKnownFileType = sourcecode.swift; path = ViewController.swift; sourceTree = "<group>"; };
		E054A2D829E67DBB006D65C3 /* Assets.xcassets */ = {isa = PBXFileReference; lastKnownFileType = folder.assetcatalog; path = Assets.xcassets; sourceTree = "<group>"; };
		E054A2DB29E67DBB006D65C3 /* Base */ = {isa = PBXFileReference; lastKnownFileType = file.storyboard; name = Base; path = Base.lproj/LaunchScreen.storyboard; sourceTree = "<group>"; };
		E054A2DD29E67DBB006D65C3 /* Info.plist */ = {isa = PBXFileReference; lastKnownFileType = text.plist.xml; path = Info.plist; sourceTree = "<group>"; };
		E054A2E229E67DBB006D65C3 /* fetchTests.xctest */ = {isa = PBXFileReference; explicitFileType = wrapper.cfbundle; includeInIndex = 0; path = fetchTests.xctest; sourceTree = BUILT_PRODUCTS_DIR; };
		E054A30429E67F2A006D65C3 /* BuildConfiguration.swift */ = {isa = PBXFileReference; lastKnownFileType = sourcecode.swift; path = BuildConfiguration.swift; sourceTree = "<group>"; };
		E054A30729E68339006D65C3 /* API+Enum.swift */ = {isa = PBXFileReference; lastKnownFileType = sourcecode.swift; path = "API+Enum.swift"; sourceTree = "<group>"; };
		E054A30929E684C6006D65C3 /* Secret+Enum.swift */ = {isa = PBXFileReference; lastKnownFileType = sourcecode.swift; path = "Secret+Enum.swift"; sourceTree = "<group>"; };
		E054A30B29E68654006D65C3 /* APIService.swift */ = {isa = PBXFileReference; lastKnownFileType = sourcecode.swift; path = APIService.swift; sourceTree = "<group>"; };
		E054A30D29E6874A006D65C3 /* MealsAPIService.swift */ = {isa = PBXFileReference; lastKnownFileType = sourcecode.swift; path = MealsAPIService.swift; sourceTree = "<group>"; };
		E054A30F29E687D4006D65C3 /* MealCategory+Enum.swift */ = {isa = PBXFileReference; lastKnownFileType = sourcecode.swift; path = "MealCategory+Enum.swift"; sourceTree = "<group>"; };
		E054A31629E68A77006D65C3 /* Meal+Struct.swift */ = {isa = PBXFileReference; lastKnownFileType = sourcecode.swift; path = "Meal+Struct.swift"; sourceTree = "<group>"; };
		E054A31829E68C02006D65C3 /* MealResponse.swift */ = {isa = PBXFileReference; lastKnownFileType = sourcecode.swift; path = MealResponse.swift; sourceTree = "<group>"; };
		E054A31A29E7041E006D65C3 /* MainController.swift */ = {isa = PBXFileReference; lastKnownFileType = sourcecode.swift; path = MainController.swift; sourceTree = "<group>"; };
		E054A31C29E7045B006D65C3 /* Color+Enum.swift */ = {isa = PBXFileReference; lastKnownFileType = sourcecode.swift; path = "Color+Enum.swift"; sourceTree = "<group>"; };
		E054A31F29E7046E006D65C3 /* UIView+Ext.swift */ = {isa = PBXFileReference; lastKnownFileType = sourcecode.swift; path = "UIView+Ext.swift"; sourceTree = "<group>"; };
		E054A32129E70475006D65C3 /* UIColor+Ext.swift */ = {isa = PBXFileReference; lastKnownFileType = sourcecode.swift; path = "UIColor+Ext.swift"; sourceTree = "<group>"; };
		E054A32329E70613006D65C3 /* MealsController+CV.swift */ = {isa = PBXFileReference; lastKnownFileType = sourcecode.swift; path = "MealsController+CV.swift"; sourceTree = "<group>"; };
		E054A32729E70634006D65C3 /* MealCell.swift */ = {isa = PBXFileReference; lastKnownFileType = sourcecode.swift; path = MealCell.swift; sourceTree = "<group>"; };
		E054A32C29E70738006D65C3 /* ReuseId+Enum.swift */ = {isa = PBXFileReference; lastKnownFileType = sourcecode.swift; path = "ReuseId+Enum.swift"; sourceTree = "<group>"; };
		E054A32E29E70878006D65C3 /* MealsViewModel.swift */ = {isa = PBXFileReference; lastKnownFileType = sourcecode.swift; path = MealsViewModel.swift; sourceTree = "<group>"; };
		E05EDBE829ED4DBC00D9BF85 /* MealDetailsControllerTests.swift */ = {isa = PBXFileReference; lastKnownFileType = sourcecode.swift; path = MealDetailsControllerTests.swift; sourceTree = "<group>"; };
		E06C50B329ED5314008BC3AE /* test_img.png */ = {isa = PBXFileReference; lastKnownFileType = image.png; name = test_img.png; path = ../../../../../Downloads/test_img.png; sourceTree = "<group>"; };
		E0A82AB829E7670F00C986E6 /* MealDetailsController+CV.swift */ = {isa = PBXFileReference; lastKnownFileType = sourcecode.swift; path = "MealDetailsController+CV.swift"; sourceTree = "<group>"; };
		E0A82ABA29E767D300C986E6 /* MealDetailsOverviewCell.swift */ = {isa = PBXFileReference; lastKnownFileType = sourcecode.swift; path = MealDetailsOverviewCell.swift; sourceTree = "<group>"; };
		E0A82ABC29E767E100C986E6 /* MealDetailsInstructionCell.swift */ = {isa = PBXFileReference; lastKnownFileType = sourcecode.swift; path = MealDetailsInstructionCell.swift; sourceTree = "<group>"; };
		E0A82ABE29E767F900C986E6 /* MealDetailsIngredientMeasurementCell.swift */ = {isa = PBXFileReference; lastKnownFileType = sourcecode.swift; path = MealDetailsIngredientMeasurementCell.swift; sourceTree = "<group>"; };
		E0A82AC029E76A3600C986E6 /* MealDetailsViewModel.swift */ = {isa = PBXFileReference; lastKnownFileType = sourcecode.swift; path = MealDetailsViewModel.swift; sourceTree = "<group>"; };
		E0A82AC229E76F3200C986E6 /* MealDetailsHeaderCell.swift */ = {isa = PBXFileReference; lastKnownFileType = sourcecode.swift; path = MealDetailsHeaderCell.swift; sourceTree = "<group>"; };
		E0A82AC529E77C5700C986E6 /* FetchLabel.swift */ = {isa = PBXFileReference; lastKnownFileType = sourcecode.swift; path = FetchLabel.swift; sourceTree = "<group>"; };
		E0A82AC829E875AE00C986E6 /* CacheManager.swift */ = {isa = PBXFileReference; lastKnownFileType = sourcecode.swift; path = CacheManager.swift; sourceTree = "<group>"; };
		E0A82ACD29E9B50600C986E6 /* MealsViewModelTests.swift */ = {isa = PBXFileReference; lastKnownFileType = sourcecode.swift; path = MealsViewModelTests.swift; sourceTree = "<group>"; };
		E0A82AD029E9B5C600C986E6 /* MealsAPIServiceMock.swift */ = {isa = PBXFileReference; lastKnownFileType = sourcecode.swift; path = MealsAPIServiceMock.swift; sourceTree = "<group>"; };
		E0A82ADB29E9CF9000C986E6 /* MealsAPIProtocol.swift */ = {isa = PBXFileReference; lastKnownFileType = sourcecode.swift; path = MealsAPIProtocol.swift; sourceTree = "<group>"; };
		E0A82ADF29E9E4CB00C986E6 /* MealDetailsViewModelTests.swift */ = {isa = PBXFileReference; lastKnownFileType = sourcecode.swift; path = MealDetailsViewModelTests.swift; sourceTree = "<group>"; };
		E0A82AE929EBD62500C986E6 /* MainControllerTests.swift */ = {isa = PBXFileReference; lastKnownFileType = sourcecode.swift; path = MainControllerTests.swift; sourceTree = "<group>"; };
		E0A82AEB29ED1E1500C986E6 /* Padding+Enum.swift */ = {isa = PBXFileReference; lastKnownFileType = sourcecode.swift; path = "Padding+Enum.swift"; sourceTree = "<group>"; };
		E0A82AF929ED353B00C986E6 /* EnumTests.swift */ = {isa = PBXFileReference; lastKnownFileType = sourcecode.swift; path = EnumTests.swift; sourceTree = "<group>"; };
		E0A82AFC29ED39B000C986E6 /* EndpointTests.swift */ = {isa = PBXFileReference; lastKnownFileType = sourcecode.swift; path = EndpointTests.swift; sourceTree = "<group>"; };
		E0A82B0029ED433D00C986E6 /* MealDetailsResponse.json */ = {isa = PBXFileReference; fileEncoding = 4; lastKnownFileType = text.json; path = MealDetailsResponse.json; sourceTree = "<group>"; };
		E0A82B0229ED439700C986E6 /* MealResponseTests.swift */ = {isa = PBXFileReference; lastKnownFileType = sourcecode.swift; path = MealResponseTests.swift; sourceTree = "<group>"; };
		E0F4D37D29ED48C1006A6AC8 /* MealsControllerTests.swift */ = {isa = PBXFileReference; lastKnownFileType = sourcecode.swift; path = MealsControllerTests.swift; sourceTree = "<group>"; };
/* End PBXFileReference section */

/* Begin PBXFrameworksBuildPhase section */
		E054A2C929E67DB9006D65C3 /* Frameworks */ = {
			isa = PBXFrameworksBuildPhase;
			buildActionMask = 2147483647;
			files = (
			);
			runOnlyForDeploymentPostprocessing = 0;
		};
		E054A2DF29E67DBB006D65C3 /* Frameworks */ = {
			isa = PBXFrameworksBuildPhase;
			buildActionMask = 2147483647;
			files = (
			);
			runOnlyForDeploymentPostprocessing = 0;
		};
/* End PBXFrameworksBuildPhase section */

/* Begin PBXGroup section */
		E054A2C329E67DB9006D65C3 = {
			isa = PBXGroup;
			children = (
				E054A2CE29E67DB9006D65C3 /* fetch */,
				E054A2E529E67DBB006D65C3 /* fetchTests */,
				E054A2CD29E67DB9006D65C3 /* Products */,
			);
			sourceTree = "<group>";
		};
		E054A2CD29E67DB9006D65C3 /* Products */ = {
			isa = PBXGroup;
			children = (
				E054A2CC29E67DB9006D65C3 /* fetch.app */,
				E054A2E229E67DBB006D65C3 /* fetchTests.xctest */,
			);
			name = Products;
			sourceTree = "<group>";
		};
		E054A2CE29E67DB9006D65C3 /* fetch */ = {
			isa = PBXGroup;
			children = (
				E054A2CF29E67DB9006D65C3 /* AppDelegate.swift */,
				E054A2D129E67DB9006D65C3 /* SceneDelegate.swift */,
				E054A2D329E67DB9006D65C3 /* ViewController.swift */,
				E054A2D829E67DBB006D65C3 /* Assets.xcassets */,
				E054A2DA29E67DBB006D65C3 /* LaunchScreen.storyboard */,
				E054A2DD29E67DBB006D65C3 /* Info.plist */,
				E054A31E29E7045E006D65C3 /* extensions */,
				E054A30629E6832C006D65C3 /* enums */,
				E054A30329E67F11006D65C3 /* configs */,
				E054A30229E67F04006D65C3 /* network */,
				E0A82AC729E8759D00C986E6 /* managers */,
				E054A30129E67EFF006D65C3 /* models */,
				E054A32B29E70650006D65C3 /* views */,
				E054A30029E67EF6006D65C3 /* viewmodels */,
				E054A2FF29E67EEE006D65C3 /* controllers */,
			);
			path = fetch;
			sourceTree = "<group>";
		};
		E054A2E529E67DBB006D65C3 /* fetchTests */ = {
			isa = PBXGroup;
			children = (
				E0A82AF929ED353B00C986E6 /* EnumTests.swift */,
				E0A82AEF29ED306B00C986E6 /* network */,
				E0A82AE829EBD61700C986E6 /* controllers */,
				E0A82AE129E9EB3500C986E6 /* resources */,
				E0A82ACC29E9B4DF00C986E6 /* viewmodels */,
			);
			path = fetchTests;
			sourceTree = "<group>";
		};
		E054A2FF29E67EEE006D65C3 /* controllers */ = {
			isa = PBXGroup;
			children = (
				E054A31A29E7041E006D65C3 /* MainController.swift */,
				E054A32329E70613006D65C3 /* MealsController+CV.swift */,
				E0A82AB829E7670F00C986E6 /* MealDetailsController+CV.swift */,
			);
			path = controllers;
			sourceTree = "<group>";
		};
		E054A30029E67EF6006D65C3 /* viewmodels */ = {
			isa = PBXGroup;
			children = (
				E054A32E29E70878006D65C3 /* MealsViewModel.swift */,
				E0A82AC029E76A3600C986E6 /* MealDetailsViewModel.swift */,
			);
			path = viewmodels;
			sourceTree = "<group>";
		};
		E054A30129E67EFF006D65C3 /* models */ = {
			isa = PBXGroup;
			children = (
				E054A31629E68A77006D65C3 /* Meal+Struct.swift */,
			);
			path = models;
			sourceTree = "<group>";
		};
		E054A30229E67F04006D65C3 /* network */ = {
			isa = PBXGroup;
			children = (
				E054A31129E688F0006D65C3 /* models */,
				E054A30B29E68654006D65C3 /* APIService.swift */,
				E054A30D29E6874A006D65C3 /* MealsAPIService.swift */,
				E0A82ADA29E9CF8400C986E6 /* protocols */,
			);
			path = network;
			sourceTree = "<group>";
		};
		E054A30329E67F11006D65C3 /* configs */ = {
			isa = PBXGroup;
			children = (
				E054A30429E67F2A006D65C3 /* BuildConfiguration.swift */,
			);
			path = configs;
			sourceTree = "<group>";
		};
		E054A30629E6832C006D65C3 /* enums */ = {
			isa = PBXGroup;
			children = (
				E054A30729E68339006D65C3 /* API+Enum.swift */,
				E024A18C29E7188800D09F3D /* Attributes+Enum.swift */,
				E0A82AEB29ED1E1500C986E6 /* Padding+Enum.swift */,
				E054A30F29E687D4006D65C3 /* MealCategory+Enum.swift */,
				E054A30929E684C6006D65C3 /* Secret+Enum.swift */,
				E054A31C29E7045B006D65C3 /* Color+Enum.swift */,
				E054A32C29E70738006D65C3 /* ReuseId+Enum.swift */,
			);
			path = enums;
			sourceTree = "<group>";
		};
		E054A31129E688F0006D65C3 /* models */ = {
			isa = PBXGroup;
			children = (
				E054A31829E68C02006D65C3 /* MealResponse.swift */,
			);
			path = models;
			sourceTree = "<group>";
		};
		E054A31E29E7045E006D65C3 /* extensions */ = {
			isa = PBXGroup;
			children = (
				E054A31F29E7046E006D65C3 /* UIView+Ext.swift */,
				E054A32129E70475006D65C3 /* UIColor+Ext.swift */,
			);
			path = extensions;
			sourceTree = "<group>";
		};
		E054A32B29E70650006D65C3 /* views */ = {
			isa = PBXGroup;
			children = (
				E0A82AC429E77C4600C986E6 /* custom */,
				E054A32729E70634006D65C3 /* MealCell.swift */,
				E0A82AC229E76F3200C986E6 /* MealDetailsHeaderCell.swift */,
				E0A82ABA29E767D300C986E6 /* MealDetailsOverviewCell.swift */,
				E0A82ABC29E767E100C986E6 /* MealDetailsInstructionCell.swift */,
				E0A82ABE29E767F900C986E6 /* MealDetailsIngredientMeasurementCell.swift */,
			);
			path = views;
			sourceTree = "<group>";
		};
		E0A82AC429E77C4600C986E6 /* custom */ = {
			isa = PBXGroup;
			children = (
				E0A82AC529E77C5700C986E6 /* FetchLabel.swift */,
			);
			path = custom;
			sourceTree = "<group>";
		};
		E0A82AC729E8759D00C986E6 /* managers */ = {
			isa = PBXGroup;
			children = (
				E0A82AC829E875AE00C986E6 /* CacheManager.swift */,
			);
			path = managers;
			sourceTree = "<group>";
		};
		E0A82ACC29E9B4DF00C986E6 /* viewmodels */ = {
			isa = PBXGroup;
			children = (
				E0A82ACD29E9B50600C986E6 /* MealsViewModelTests.swift */,
				E0A82ADF29E9E4CB00C986E6 /* MealDetailsViewModelTests.swift */,
			);
			path = viewmodels;
			sourceTree = "<group>";
		};
		E0A82ACF29E9B5B000C986E6 /* mocks */ = {
			isa = PBXGroup;
			children = (
				E0A82AD029E9B5C600C986E6 /* MealsAPIServiceMock.swift */,
			);
			path = mocks;
			sourceTree = "<group>";
		};
		E0A82ADA29E9CF8400C986E6 /* protocols */ = {
			isa = PBXGroup;
			children = (
				E0A82ADB29E9CF9000C986E6 /* MealsAPIProtocol.swift */,
			);
			path = protocols;
			sourceTree = "<group>";
		};
		E0A82AE129E9EB3500C986E6 /* resources */ = {
			isa = PBXGroup;
			children = (
				E0A82B0029ED433D00C986E6 /* MealDetailsResponse.json */,
				E06C50B329ED5314008BC3AE /* test_img.png */,
			);
			path = resources;
			sourceTree = "<group>";
		};
		E0A82AE829EBD61700C986E6 /* controllers */ = {
			isa = PBXGroup;
			children = (
				E0A82AE929EBD62500C986E6 /* MainControllerTests.swift */,
				E0F4D37D29ED48C1006A6AC8 /* MealsControllerTests.swift */,
				E05EDBE829ED4DBC00D9BF85 /* MealDetailsControllerTests.swift */,
			);
			path = controllers;
			sourceTree = "<group>";
		};
		E0A82AEF29ED306B00C986E6 /* network */ = {
			isa = PBXGroup;
			children = (
				E0F4D37C29ED4880006A6AC8 /* models */,
				E0A82AFC29ED39B000C986E6 /* EndpointTests.swift */,
				E0A82ACF29E9B5B000C986E6 /* mocks */,
			);
			path = network;
			sourceTree = "<group>";
		};
		E0F4D37C29ED4880006A6AC8 /* models */ = {
			isa = PBXGroup;
			children = (
				E0A82B0229ED439700C986E6 /* MealResponseTests.swift */,
			);
			path = models;
			sourceTree = "<group>";
		};
/* End PBXGroup section */

/* Begin PBXNativeTarget section */
		E054A2CB29E67DB9006D65C3 /* fetch */ = {
			isa = PBXNativeTarget;
			buildConfigurationList = E054A2F629E67DBB006D65C3 /* Build configuration list for PBXNativeTarget "fetch" */;
			buildPhases = (
				E054A2C829E67DB9006D65C3 /* Sources */,
				E054A2C929E67DB9006D65C3 /* Frameworks */,
				E054A2CA29E67DB9006D65C3 /* Resources */,
			);
			buildRules = (
			);
			dependencies = (
			);
			name = fetch;
			productName = fetch;
			productReference = E054A2CC29E67DB9006D65C3 /* fetch.app */;
			productType = "com.apple.product-type.application";
		};
		E054A2E129E67DBB006D65C3 /* fetchTests */ = {
			isa = PBXNativeTarget;
			buildConfigurationList = E054A2F929E67DBB006D65C3 /* Build configuration list for PBXNativeTarget "fetchTests" */;
			buildPhases = (
				E054A2DE29E67DBB006D65C3 /* Sources */,
				E054A2DF29E67DBB006D65C3 /* Frameworks */,
				E054A2E029E67DBB006D65C3 /* Resources */,
			);
			buildRules = (
			);
			dependencies = (
				E054A2E429E67DBB006D65C3 /* PBXTargetDependency */,
			);
			name = fetchTests;
			productName = fetchTests;
			productReference = E054A2E229E67DBB006D65C3 /* fetchTests.xctest */;
			productType = "com.apple.product-type.bundle.unit-test";
		};
/* End PBXNativeTarget section */

/* Begin PBXProject section */
		E054A2C429E67DB9006D65C3 /* Project object */ = {
			isa = PBXProject;
			attributes = {
				BuildIndependentTargetsInParallel = 1;
				LastSwiftUpdateCheck = 1420;
				LastUpgradeCheck = 1420;
				TargetAttributes = {
					E054A2CB29E67DB9006D65C3 = {
						CreatedOnToolsVersion = 14.2;
					};
					E054A2E129E67DBB006D65C3 = {
						CreatedOnToolsVersion = 14.2;
						TestTargetID = E054A2CB29E67DB9006D65C3;
					};
				};
			};
			buildConfigurationList = E054A2C729E67DB9006D65C3 /* Build configuration list for PBXProject "fetch" */;
			compatibilityVersion = "Xcode 14.0";
			developmentRegion = en;
			hasScannedForEncodings = 0;
			knownRegions = (
				en,
				Base,
			);
			mainGroup = E054A2C329E67DB9006D65C3;
			productRefGroup = E054A2CD29E67DB9006D65C3 /* Products */;
			projectDirPath = "";
			projectRoot = "";
			targets = (
				E054A2CB29E67DB9006D65C3 /* fetch */,
				E054A2E129E67DBB006D65C3 /* fetchTests */,
			);
		};
/* End PBXProject section */

/* Begin PBXResourcesBuildPhase section */
		E054A2CA29E67DB9006D65C3 /* Resources */ = {
			isa = PBXResourcesBuildPhase;
			buildActionMask = 2147483647;
			files = (
				E054A2DC29E67DBB006D65C3 /* LaunchScreen.storyboard in Resources */,
				E054A2D929E67DBB006D65C3 /* Assets.xcassets in Resources */,
			);
			runOnlyForDeploymentPostprocessing = 0;
		};
		E054A2E029E67DBB006D65C3 /* Resources */ = {
			isa = PBXResourcesBuildPhase;
			buildActionMask = 2147483647;
			files = (
				E06C50B429ED5314008BC3AE /* test_img.png in Resources */,
				E0A82B0129ED433D00C986E6 /* MealDetailsResponse.json in Resources */,
			);
			runOnlyForDeploymentPostprocessing = 0;
		};
/* End PBXResourcesBuildPhase section */

/* Begin PBXSourcesBuildPhase section */
		E054A2C829E67DB9006D65C3 /* Sources */ = {
			isa = PBXSourcesBuildPhase;
			buildActionMask = 2147483647;
			files = (
				E054A32D29E70738006D65C3 /* ReuseId+Enum.swift in Sources */,
				E0A82AC129E76A3600C986E6 /* MealDetailsViewModel.swift in Sources */,
				E054A32429E70613006D65C3 /* MealsController+CV.swift in Sources */,
				E0A82AC329E76F3200C986E6 /* MealDetailsHeaderCell.swift in Sources */,
				E054A30829E68339006D65C3 /* API+Enum.swift in Sources */,
				E0A82ABD29E767E100C986E6 /* MealDetailsInstructionCell.swift in Sources */,
				E054A32029E7046E006D65C3 /* UIView+Ext.swift in Sources */,
				E024A18D29E7188800D09F3D /* Attributes+Enum.swift in Sources */,
				E054A31D29E7045B006D65C3 /* Color+Enum.swift in Sources */,
				E054A31929E68C02006D65C3 /* MealResponse.swift in Sources */,
				E0A82AC929E875AE00C986E6 /* CacheManager.swift in Sources */,
				E054A32829E70634006D65C3 /* MealCell.swift in Sources */,
				E054A32229E70475006D65C3 /* UIColor+Ext.swift in Sources */,
				E054A30C29E68654006D65C3 /* APIService.swift in Sources */,
				E0A82ADC29E9CF9000C986E6 /* MealsAPIProtocol.swift in Sources */,
				E054A2D429E67DB9006D65C3 /* ViewController.swift in Sources */,
				E0A82ABB29E767D300C986E6 /* MealDetailsOverviewCell.swift in Sources */,
				E054A31729E68A77006D65C3 /* Meal+Struct.swift in Sources */,
				E0A82AC629E77C5700C986E6 /* FetchLabel.swift in Sources */,
				E054A31029E687D4006D65C3 /* MealCategory+Enum.swift in Sources */,
				E0A82ABF29E767F900C986E6 /* MealDetailsIngredientMeasurementCell.swift in Sources */,
				E054A2D029E67DB9006D65C3 /* AppDelegate.swift in Sources */,
				E054A2D229E67DB9006D65C3 /* SceneDelegate.swift in Sources */,
				E0A82AB929E7670F00C986E6 /* MealDetailsController+CV.swift in Sources */,
				E054A30E29E6874A006D65C3 /* MealsAPIService.swift in Sources */,
				E054A30A29E684C6006D65C3 /* Secret+Enum.swift in Sources */,
				E054A31B29E7041E006D65C3 /* MainController.swift in Sources */,
				E054A30529E67F2A006D65C3 /* BuildConfiguration.swift in Sources */,
				E0A82AEC29ED1E1500C986E6 /* Padding+Enum.swift in Sources */,
				E054A32F29E70878006D65C3 /* MealsViewModel.swift in Sources */,
			);
			runOnlyForDeploymentPostprocessing = 0;
		};
		E054A2DE29E67DBB006D65C3 /* Sources */ = {
			isa = PBXSourcesBuildPhase;
			buildActionMask = 2147483647;
			files = (
				E0A82B0329ED439700C986E6 /* MealResponseTests.swift in Sources */,
				E0A82ACE29E9B50600C986E6 /* MealsViewModelTests.swift in Sources */,
				E0A82AD129E9B5C600C986E6 /* MealsAPIServiceMock.swift in Sources */,
				E05EDBE929ED4DBC00D9BF85 /* MealDetailsControllerTests.swift in Sources */,
				E0A82AEA29EBD62500C986E6 /* MainControllerTests.swift in Sources */,
				E0A82AFA29ED353B00C986E6 /* EnumTests.swift in Sources */,
				E0A82AFD29ED39B000C986E6 /* EndpointTests.swift in Sources */,
				E0F4D37E29ED48C1006A6AC8 /* MealsControllerTests.swift in Sources */,
				E0A82AE029E9E4CB00C986E6 /* MealDetailsViewModelTests.swift in Sources */,
			);
			runOnlyForDeploymentPostprocessing = 0;
		};
/* End PBXSourcesBuildPhase section */

/* Begin PBXTargetDependency section */
		E054A2E429E67DBB006D65C3 /* PBXTargetDependency */ = {
			isa = PBXTargetDependency;
			target = E054A2CB29E67DB9006D65C3 /* fetch */;
			targetProxy = E054A2E329E67DBB006D65C3 /* PBXContainerItemProxy */;
		};
/* End PBXTargetDependency section */

/* Begin PBXVariantGroup section */
		E054A2DA29E67DBB006D65C3 /* LaunchScreen.storyboard */ = {
			isa = PBXVariantGroup;
			children = (
				E054A2DB29E67DBB006D65C3 /* Base */,
			);
			name = LaunchScreen.storyboard;
			sourceTree = "<group>";
		};
/* End PBXVariantGroup section */

/* Begin XCBuildConfiguration section */
		E054A2F429E67DBB006D65C3 /* Debug */ = {
			isa = XCBuildConfiguration;
			buildSettings = {
				ALWAYS_SEARCH_USER_PATHS = NO;
				CLANG_ANALYZER_NONNULL = YES;
				CLANG_ANALYZER_NUMBER_OBJECT_CONVERSION = YES_AGGRESSIVE;
				CLANG_CXX_LANGUAGE_STANDARD = "gnu++20";
				CLANG_ENABLE_MODULES = YES;
				CLANG_ENABLE_OBJC_ARC = YES;
				CLANG_ENABLE_OBJC_WEAK = YES;
				CLANG_WARN_BLOCK_CAPTURE_AUTORELEASING = YES;
				CLANG_WARN_BOOL_CONVERSION = YES;
				CLANG_WARN_COMMA = YES;
				CLANG_WARN_CONSTANT_CONVERSION = YES;
				CLANG_WARN_DEPRECATED_OBJC_IMPLEMENTATIONS = YES;
				CLANG_WARN_DIRECT_OBJC_ISA_USAGE = YES_ERROR;
				CLANG_WARN_DOCUMENTATION_COMMENTS = YES;
				CLANG_WARN_EMPTY_BODY = YES;
				CLANG_WARN_ENUM_CONVERSION = YES;
				CLANG_WARN_INFINITE_RECURSION = YES;
				CLANG_WARN_INT_CONVERSION = YES;
				CLANG_WARN_NON_LITERAL_NULL_CONVERSION = YES;
				CLANG_WARN_OBJC_IMPLICIT_RETAIN_SELF = YES;
				CLANG_WARN_OBJC_LITERAL_CONVERSION = YES;
				CLANG_WARN_OBJC_ROOT_CLASS = YES_ERROR;
				CLANG_WARN_QUOTED_INCLUDE_IN_FRAMEWORK_HEADER = YES;
				CLANG_WARN_RANGE_LOOP_ANALYSIS = YES;
				CLANG_WARN_STRICT_PROTOTYPES = YES;
				CLANG_WARN_SUSPICIOUS_MOVE = YES;
				CLANG_WARN_UNGUARDED_AVAILABILITY = YES_AGGRESSIVE;
				CLANG_WARN_UNREACHABLE_CODE = YES;
				CLANG_WARN__DUPLICATE_METHOD_MATCH = YES;
				COPY_PHASE_STRIP = NO;
				DEBUG_INFORMATION_FORMAT = dwarf;
				ENABLE_STRICT_OBJC_MSGSEND = YES;
				ENABLE_TESTABILITY = YES;
				GCC_C_LANGUAGE_STANDARD = gnu11;
				GCC_DYNAMIC_NO_PIC = NO;
				GCC_NO_COMMON_BLOCKS = YES;
				GCC_OPTIMIZATION_LEVEL = 0;
				GCC_PREPROCESSOR_DEFINITIONS = (
					"DEBUG=1",
					"$(inherited)",
				);
				GCC_WARN_64_TO_32_BIT_CONVERSION = YES;
				GCC_WARN_ABOUT_RETURN_TYPE = YES_ERROR;
				GCC_WARN_UNDECLARED_SELECTOR = YES;
				GCC_WARN_UNINITIALIZED_AUTOS = YES_AGGRESSIVE;
				GCC_WARN_UNUSED_FUNCTION = YES;
				GCC_WARN_UNUSED_VARIABLE = YES;
				IPHONEOS_DEPLOYMENT_TARGET = 16.2;
				MTL_ENABLE_DEBUG_INFO = INCLUDE_SOURCE;
				MTL_FAST_MATH = YES;
				ONLY_ACTIVE_ARCH = YES;
				SDKROOT = iphoneos;
				SWIFT_ACTIVE_COMPILATION_CONDITIONS = DEBUG;
				SWIFT_OPTIMIZATION_LEVEL = "-Onone";
			};
			name = Debug;
		};
		E054A2F529E67DBB006D65C3 /* Release */ = {
			isa = XCBuildConfiguration;
			buildSettings = {
				ALWAYS_SEARCH_USER_PATHS = NO;
				CLANG_ANALYZER_NONNULL = YES;
				CLANG_ANALYZER_NUMBER_OBJECT_CONVERSION = YES_AGGRESSIVE;
				CLANG_CXX_LANGUAGE_STANDARD = "gnu++20";
				CLANG_ENABLE_MODULES = YES;
				CLANG_ENABLE_OBJC_ARC = YES;
				CLANG_ENABLE_OBJC_WEAK = YES;
				CLANG_WARN_BLOCK_CAPTURE_AUTORELEASING = YES;
				CLANG_WARN_BOOL_CONVERSION = YES;
				CLANG_WARN_COMMA = YES;
				CLANG_WARN_CONSTANT_CONVERSION = YES;
				CLANG_WARN_DEPRECATED_OBJC_IMPLEMENTATIONS = YES;
				CLANG_WARN_DIRECT_OBJC_ISA_USAGE = YES_ERROR;
				CLANG_WARN_DOCUMENTATION_COMMENTS = YES;
				CLANG_WARN_EMPTY_BODY = YES;
				CLANG_WARN_ENUM_CONVERSION = YES;
				CLANG_WARN_INFINITE_RECURSION = YES;
				CLANG_WARN_INT_CONVERSION = YES;
				CLANG_WARN_NON_LITERAL_NULL_CONVERSION = YES;
				CLANG_WARN_OBJC_IMPLICIT_RETAIN_SELF = YES;
				CLANG_WARN_OBJC_LITERAL_CONVERSION = YES;
				CLANG_WARN_OBJC_ROOT_CLASS = YES_ERROR;
				CLANG_WARN_QUOTED_INCLUDE_IN_FRAMEWORK_HEADER = YES;
				CLANG_WARN_RANGE_LOOP_ANALYSIS = YES;
				CLANG_WARN_STRICT_PROTOTYPES = YES;
				CLANG_WARN_SUSPICIOUS_MOVE = YES;
				CLANG_WARN_UNGUARDED_AVAILABILITY = YES_AGGRESSIVE;
				CLANG_WARN_UNREACHABLE_CODE = YES;
				CLANG_WARN__DUPLICATE_METHOD_MATCH = YES;
				COPY_PHASE_STRIP = NO;
				DEBUG_INFORMATION_FORMAT = "dwarf-with-dsym";
				ENABLE_NS_ASSERTIONS = NO;
				ENABLE_STRICT_OBJC_MSGSEND = YES;
				GCC_C_LANGUAGE_STANDARD = gnu11;
				GCC_NO_COMMON_BLOCKS = YES;
				GCC_WARN_64_TO_32_BIT_CONVERSION = YES;
				GCC_WARN_ABOUT_RETURN_TYPE = YES_ERROR;
				GCC_WARN_UNDECLARED_SELECTOR = YES;
				GCC_WARN_UNINITIALIZED_AUTOS = YES_AGGRESSIVE;
				GCC_WARN_UNUSED_FUNCTION = YES;
				GCC_WARN_UNUSED_VARIABLE = YES;
				IPHONEOS_DEPLOYMENT_TARGET = 16.2;
				MTL_ENABLE_DEBUG_INFO = NO;
				MTL_FAST_MATH = YES;
				SDKROOT = iphoneos;
				SWIFT_COMPILATION_MODE = wholemodule;
				SWIFT_OPTIMIZATION_LEVEL = "-O";
				VALIDATE_PRODUCT = YES;
			};
			name = Release;
		};
		E054A2F729E67DBB006D65C3 /* Debug */ = {
			isa = XCBuildConfiguration;
			buildSettings = {
				ASSETCATALOG_COMPILER_APPICON_NAME = AppIcon;
				ASSETCATALOG_COMPILER_GLOBAL_ACCENT_COLOR_NAME = AccentColor;
				CODE_SIGN_STYLE = Automatic;
				CURRENT_PROJECT_VERSION = 1;
				DEVELOPMENT_TEAM = PFVS2N86DB;
				GENERATE_INFOPLIST_FILE = YES;
				INFOPLIST_FILE = fetch/Info.plist;
				INFOPLIST_KEY_UIApplicationSupportsIndirectInputEvents = YES;
				INFOPLIST_KEY_UILaunchStoryboardName = LaunchScreen;
				INFOPLIST_KEY_UISupportedInterfaceOrientations_iPad = "UIInterfaceOrientationPortrait UIInterfaceOrientationPortraitUpsideDown UIInterfaceOrientationLandscapeLeft UIInterfaceOrientationLandscapeRight";
				INFOPLIST_KEY_UISupportedInterfaceOrientations_iPhone = "UIInterfaceOrientationPortrait UIInterfaceOrientationLandscapeLeft UIInterfaceOrientationLandscapeRight";
				LD_RUNPATH_SEARCH_PATHS = (
					"$(inherited)",
					"@executable_path/Frameworks",
				);
				MARKETING_VERSION = 1.0;
				PRODUCT_BUNDLE_IDENTIFIER = com.jasonkim.fetch;
				PRODUCT_NAME = "$(TARGET_NAME)";
				SWIFT_EMIT_LOC_STRINGS = YES;
				SWIFT_VERSION = 5.0;
				TARGETED_DEVICE_FAMILY = "1,2";
			};
			name = Debug;
		};
		E054A2F829E67DBB006D65C3 /* Release */ = {
			isa = XCBuildConfiguration;
			buildSettings = {
				ASSETCATALOG_COMPILER_APPICON_NAME = AppIcon;
				ASSETCATALOG_COMPILER_GLOBAL_ACCENT_COLOR_NAME = AccentColor;
				CODE_SIGN_STYLE = Automatic;
				CURRENT_PROJECT_VERSION = 1;
				DEVELOPMENT_TEAM = PFVS2N86DB;
				GENERATE_INFOPLIST_FILE = YES;
				INFOPLIST_FILE = fetch/Info.plist;
				INFOPLIST_KEY_UIApplicationSupportsIndirectInputEvents = YES;
				INFOPLIST_KEY_UILaunchStoryboardName = LaunchScreen;
				INFOPLIST_KEY_UISupportedInterfaceOrientations_iPad = "UIInterfaceOrientationPortrait UIInterfaceOrientationPortraitUpsideDown UIInterfaceOrientationLandscapeLeft UIInterfaceOrientationLandscapeRight";
				INFOPLIST_KEY_UISupportedInterfaceOrientations_iPhone = "UIInterfaceOrientationPortrait UIInterfaceOrientationLandscapeLeft UIInterfaceOrientationLandscapeRight";
				LD_RUNPATH_SEARCH_PATHS = (
					"$(inherited)",
					"@executable_path/Frameworks",
				);
				MARKETING_VERSION = 1.0;
				PRODUCT_BUNDLE_IDENTIFIER = com.jasonkim.fetch;
				PRODUCT_NAME = "$(TARGET_NAME)";
				SWIFT_EMIT_LOC_STRINGS = YES;
				SWIFT_VERSION = 5.0;
				TARGETED_DEVICE_FAMILY = "1,2";
			};
			name = Release;
		};
		E054A2FA29E67DBB006D65C3 /* Debug */ = {
			isa = XCBuildConfiguration;
			buildSettings = {
				ALWAYS_EMBED_SWIFT_STANDARD_LIBRARIES = YES;
				BUNDLE_LOADER = "$(TEST_HOST)";
				CODE_SIGN_STYLE = Automatic;
				CURRENT_PROJECT_VERSION = 1;
				DEVELOPMENT_TEAM = PFVS2N86DB;
				GENERATE_INFOPLIST_FILE = YES;
				IPHONEOS_DEPLOYMENT_TARGET = 16.2;
				MARKETING_VERSION = 1.0;
				PRODUCT_BUNDLE_IDENTIFIER = com.jasonkim.fetchTests;
				PRODUCT_NAME = "$(TARGET_NAME)";
				SWIFT_EMIT_LOC_STRINGS = NO;
				SWIFT_VERSION = 5.0;
				TARGETED_DEVICE_FAMILY = "1,2";
				TEST_HOST = "$(BUILT_PRODUCTS_DIR)/fetch.app/$(BUNDLE_EXECUTABLE_FOLDER_PATH)/fetch";
			};
			name = Debug;
		};
		E054A2FB29E67DBB006D65C3 /* Release */ = {
			isa = XCBuildConfiguration;
			buildSettings = {
				ALWAYS_EMBED_SWIFT_STANDARD_LIBRARIES = YES;
				BUNDLE_LOADER = "$(TEST_HOST)";
				CODE_SIGN_STYLE = Automatic;
				CURRENT_PROJECT_VERSION = 1;
				DEVELOPMENT_TEAM = PFVS2N86DB;
				GENERATE_INFOPLIST_FILE = YES;
				IPHONEOS_DEPLOYMENT_TARGET = 16.2;
				MARKETING_VERSION = 1.0;
				PRODUCT_BUNDLE_IDENTIFIER = com.jasonkim.fetchTests;
				PRODUCT_NAME = "$(TARGET_NAME)";
				SWIFT_EMIT_LOC_STRINGS = NO;
				SWIFT_VERSION = 5.0;
				TARGETED_DEVICE_FAMILY = "1,2";
				TEST_HOST = "$(BUILT_PRODUCTS_DIR)/fetch.app/$(BUNDLE_EXECUTABLE_FOLDER_PATH)/fetch";
			};
			name = Release;
		};
/* End XCBuildConfiguration section */

/* Begin XCConfigurationList section */
		E054A2C729E67DB9006D65C3 /* Build configuration list for PBXProject "fetch" */ = {
			isa = XCConfigurationList;
			buildConfigurations = (
				E054A2F429E67DBB006D65C3 /* Debug */,
				E054A2F529E67DBB006D65C3 /* Release */,
			);
			defaultConfigurationIsVisible = 0;
			defaultConfigurationName = Release;
		};
		E054A2F629E67DBB006D65C3 /* Build configuration list for PBXNativeTarget "fetch" */ = {
			isa = XCConfigurationList;
			buildConfigurations = (
				E054A2F729E67DBB006D65C3 /* Debug */,
				E054A2F829E67DBB006D65C3 /* Release */,
			);
			defaultConfigurationIsVisible = 0;
			defaultConfigurationName = Release;
		};
		E054A2F929E67DBB006D65C3 /* Build configuration list for PBXNativeTarget "fetchTests" */ = {
			isa = XCConfigurationList;
			buildConfigurations = (
				E054A2FA29E67DBB006D65C3 /* Debug */,
				E054A2FB29E67DBB006D65C3 /* Release */,
			);
			defaultConfigurationIsVisible = 0;
			defaultConfigurationName = Release;
		};
/* End XCConfigurationList section */
	};
	rootObject = E054A2C429E67DB9006D65C3 /* Project object */;
}
